
Microsoft Visual Studio Solution File, Format Version 12.00
# Visual Studio Version 16
VisualStudioVersion = 16.0.30711.63
MinimumVisualStudioVersion = 10.0.40219.1
Project("{FAE04EC0-301F-11D3-BF4B-00C04F79EFBC}") = "HashTables_Program", "HashTables_Program\HashTables_Program.csproj", "{CE289575-4402-48DD-B32C-20B1BD22946F}"
EndProject
Global
	GlobalSection(SolutionConfigurationPlatforms) = preSolution
		Debug|Any CPU = Debug|Any CPU
		Release|Any CPU = Release|Any CPU
	EndGlobalSection
	GlobalSection(ProjectConfigurationPlatforms) = postSolution
		{CE289575-4402-48DD-B32C-20B1BD22946F}.Debug|Any CPU.ActiveCfg = Debug|Any CPU
		{CE289575-4402-48DD-B32C-20B1BD22946F}.Debug|Any CPU.Build.0 = Debug|Any CPU
		{CE289575-4402-48DD-B32C-20B1BD22946F}.Release|Any CPU.ActiveCfg = Release|Any CPU
		{CE289575-4402-48DD-B32C-20B1BD22946F}.Release|Any CPU.Build.0 = Release|Any CPU
	EndGlobalSection
	GlobalSection(SolutionProperties) = preSolution
		HideSolutionNode = FALSE
	EndGlobalSection
	GlobalSection(ExtensibilityGlobals) = postSolution
		SolutionGuid = {7377D774-6CE5-4CE0-8BA7-43D58AB5062F}
	EndGlobalSection
EndGlobal
